
Microsoft Visual Studio Solution File, Format Version 12.00
# Visual Studio Version 17
VisualStudioVersion = 17.3.32901.215
MinimumVisualStudioVersion = 10.0.40219.1
Project("{FAE04EC0-301F-11D3-BF4B-00C04F79EFBC}") = "HarmonyTestApp", "HarmonyTestApp.csproj", "{C6534194-7613-4BF7-BF6B-F2A81C138F5F}"
EndProject
Project("{FAE04EC0-301F-11D3-BF4B-00C04F79EFBC}") = "HarmonyTestLib", "..\HarmonyTestLib\HarmonyTestLib.csproj", "{F48A1932-F4D4-41A6-9D18-0AA48E1EC75F}"
EndProject
Global
	GlobalSection(SolutionConfigurationPlatforms) = preSolution
		Debug|Any CPU = Debug|Any CPU
		Release|Any CPU = Release|Any CPU
	EndGlobalSection
	GlobalSection(ProjectConfigurationPlatforms) = postSolution
		{C6534194-7613-4BF7-BF6B-F2A81C138F5F}.Debug|Any CPU.ActiveCfg = Debug|Any CPU
		{C6534194-7613-4BF7-BF6B-F2A81C138F5F}.Debug|Any CPU.Build.0 = Debug|Any CPU
		{C6534194-7613-4BF7-BF6B-F2A81C138F5F}.Release|Any CPU.ActiveCfg = Release|Any CPU
		{C6534194-7613-4BF7-BF6B-F2A81C138F5F}.Release|Any CPU.Build.0 = Release|Any CPU
		{F48A1932-F4D4-41A6-9D18-0AA48E1EC75F}.Debug|Any CPU.ActiveCfg = Debug|Any CPU
		{F48A1932-F4D4-41A6-9D18-0AA48E1EC75F}.Debug|Any CPU.Build.0 = Debug|Any CPU
		{F48A1932-F4D4-41A6-9D18-0AA48E1EC75F}.Release|Any CPU.ActiveCfg = Release|Any CPU
		{F48A1932-F4D4-41A6-9D18-0AA48E1EC75F}.Release|Any CPU.Build.0 = Release|Any CPU
	EndGlobalSection
	GlobalSection(SolutionProperties) = preSolution
		HideSolutionNode = FALSE
	EndGlobalSection
	GlobalSection(ExtensibilityGlobals) = postSolution
		SolutionGuid = {33ECB327-7DAC-4F42-AAB1-3BA76963482E}
	EndGlobalSection
EndGlobal
